// !$*UTF8*$!
{
	archiveVersion = 1;
	classes = {
	};
	objectVersion = 46;
	objects = {

/* Begin PBXBuildFile section */
		C7665FB61B524E2700DA4D1C /* Playlist.swift in Sources */ = {isa = PBXBuildFile; fileRef = C7665FB51B524E2700DA4D1C /* Playlist.swift */; };
		C7B1DA921B524B9E0037B55B /* MusicLibrary.swift in Sources */ = {isa = PBXBuildFile; fileRef = C7B1DA911B524B9E0037B55B /* MusicLibrary.swift */; };
		C7D8190E1B5008000097C50F /* AppDelegate.swift in Sources */ = {isa = PBXBuildFile; fileRef = C7D8190D1B5008000097C50F /* AppDelegate.swift */; };
		C7D819101B5008000097C50F /* PlaylistMasterViewController.swift in Sources */ = {isa = PBXBuildFile; fileRef = C7D8190F1B5008000097C50F /* PlaylistMasterViewController.swift */; };
		C7D819131B5008000097C50F /* Main.storyboard in Resources */ = {isa = PBXBuildFile; fileRef = C7D819111B5008000097C50F /* Main.storyboard */; };
		C7D819151B5008000097C50F /* Assets.xcassets in Resources */ = {isa = PBXBuildFile; fileRef = C7D819141B5008000097C50F /* Assets.xcassets */; };
		C7D819181B5008000097C50F /* LaunchScreen.storyboard in Resources */ = {isa = PBXBuildFile; fileRef = C7D819161B5008000097C50F /* LaunchScreen.storyboard */; };
		C7D819201B5008CC0097C50F /* PlaylistDetailViewController.swift in Sources */ = {isa = PBXBuildFile; fileRef = C7D8191F1B5008CC0097C50F /* PlaylistDetailViewController.swift */; };
/* End PBXBuildFile section */

/* Begin PBXFileReference section */
		C7665FB51B524E2700DA4D1C /* Playlist.swift */ = {isa = PBXFileReference; fileEncoding = 4; lastKnownFileType = sourcecode.swift; path = Playlist.swift; sourceTree = "<group>"; };
		C7B1DA911B524B9E0037B55B /* MusicLibrary.swift */ = {isa = PBXFileReference; fileEncoding = 4; lastKnownFileType = sourcecode.swift; path = MusicLibrary.swift; sourceTree = "<group>"; };
		C7D8190A1B5008000097C50F /* Algorhythm.app */ = {isa = PBXFileReference; explicitFileType = wrapper.application; includeInIndex = 0; path = Algorhythm.app; sourceTree = BUILT_PRODUCTS_DIR; };
		C7D8190D1B5008000097C50F /* AppDelegate.swift */ = {isa = PBXFileReference; lastKnownFileType = sourcecode.swift; path = AppDelegate.swift; sourceTree = "<group>"; };
		C7D8190F1B5008000097C50F /* PlaylistMasterViewController.swift */ = {isa = PBXFileReference; lastKnownFileType = sourcecode.swift; path = PlaylistMasterViewController.swift; sourceTree = "<group>"; };
		C7D819121B5008000097C50F /* Base */ = {isa = PBXFileReference; lastKnownFileType = file.storyboard; name = Base; path = Base.lproj/Main.storyboard; sourceTree = "<group>"; };
		C7D819141B5008000097C50F /* Assets.xcassets */ = {isa = PBXFileReference; lastKnownFileType = folder.assetcatalog; path = Assets.xcassets; sourceTree = "<group>"; };
		C7D819171B5008000097C50F /* Base */ = {isa = PBXFileReference; lastKnownFileType = file.storyboard; name = Base; path = Base.lproj/LaunchScreen.storyboard; sourceTree = "<group>"; };
		C7D819191B5008000097C50F /* Info.plist */ = {isa = PBXFileReference; lastKnownFileType = text.plist.xml; path = Info.plist; sourceTree = "<group>"; };
		C7D8191F1B5008CC0097C50F /* PlaylistDetailViewController.swift */ = {isa = PBXFileReference; fileEncoding = 4; lastKnownFileType = sourcecode.swift; path = PlaylistDetailViewController.swift; sourceTree = "<group>"; };
/* End PBXFileReference section */

/* Begin PBXFrameworksBuildPhase section */
		C7D819071B5008000097C50F /* Frameworks */ = {
			isa = PBXFrameworksBuildPhase;
			buildActionMask = 2147483647;
			files = (
			);
			runOnlyForDeploymentPostprocessing = 0;
		};
/* End PBXFrameworksBuildPhase section */

/* Begin PBXGroup section */
		C7D819011B5007FF0097C50F = {
			isa = PBXGroup;
			children = (
				C7D8190C1B5008000097C50F /* Algorhythm */,
				C7D8190B1B5008000097C50F /* Products */,
			);
			sourceTree = "<group>";
		};
		C7D8190B1B5008000097C50F /* Products */ = {
			isa = PBXGroup;
			children = (
				C7D8190A1B5008000097C50F /* Algorhythm.app */,
			);
			name = Products;
			sourceTree = "<group>";
		};
		C7D8190C1B5008000097C50F /* Algorhythm */ = {
			isa = PBXGroup;
			children = (
				C7D8190D1B5008000097C50F /* AppDelegate.swift */,
				C7B1DA911B524B9E0037B55B /* MusicLibrary.swift */,
				C7665FB51B524E2700DA4D1C /* Playlist.swift */,
				C7D819161B5008000097C50F /* LaunchScreen.storyboard */,
				C7D819111B5008000097C50F /* Main.storyboard */,
				C7D8190F1B5008000097C50F /* PlaylistMasterViewController.swift */,
				C7D8191F1B5008CC0097C50F /* PlaylistDetailViewController.swift */,
				C7D819141B5008000097C50F /* Assets.xcassets */,
				C7D819191B5008000097C50F /* Info.plist */,
			);
			path = Algorhythm;
			sourceTree = "<group>";
		};
/* End PBXGroup section */

/* Begin PBXNativeTarget section */
		C7D819091B5008000097C50F /* Algorhythm */ = {
			isa = PBXNativeTarget;
			buildConfigurationList = C7D8191C1B5008000097C50F /* Build configuration list for PBXNativeTarget "Algorhythm" */;
			buildPhases = (
				C7D819061B5008000097C50F /* Sources */,
				C7D819071B5008000097C50F /* Frameworks */,
				C7D819081B5008000097C50F /* Resources */,
			);
			buildRules = (
			);
			dependencies = (
			);
			name = Algorhythm;
			productName = Algorhythm;
			productReference = C7D8190A1B5008000097C50F /* Algorhythm.app */;
			productType = "com.apple.product-type.application";
		};
/* End PBXNativeTarget section */

/* Begin PBXProject section */
		C7D819021B5007FF0097C50F /* Project object */ = {
			isa = PBXProject;
			attributes = {
				LastUpgradeCheck = 0700;
				ORGANIZATIONNAME = "Alp Eren Can";
				TargetAttributes = {
					C7D819091B5008000097C50F = {
						CreatedOnToolsVersion = 7.0;
					};
				};
			};
			buildConfigurationList = C7D819051B5007FF0097C50F /* Build configuration list for PBXProject "Algorhythm" */;
			compatibilityVersion = "Xcode 3.2";
			developmentRegion = English;
			hasScannedForEncodings = 0;
			knownRegions = (
				en,
				Base,
			);
			mainGroup = C7D819011B5007FF0097C50F;
			productRefGroup = C7D8190B1B5008000097C50F /* Products */;
			projectDirPath = "";
			projectRoot = "";
			targets = (
				C7D819091B5008000097C50F /* Algorhythm */,
			);
		};
/* End PBXProject section */

/* Begin PBXResourcesBuildPhase section */
		C7D819081B5008000097C50F /* Resources */ = {
			isa = PBXResourcesBuildPhase;
			buildActionMask = 2147483647;
			files = (
				C7D819181B5008000097C50F /* LaunchScreen.storyboard in Resources */,
				C7D819151B5008000097C50F /* Assets.xcassets in Resources */,
				C7D819131B5008000097C50F /* Main.storyboard in Resources */,
			);
			runOnlyForDeploymentPostprocessing = 0;
		};
/* End PBXResourcesBuildPhase section */

/* Begin PBXSourcesBuildPhase section */
		C7D819061B5008000097C50F /* Sources */ = {
			isa = PBXSourcesBuildPhase;
			buildActionMask = 2147483647;
			files = (
				C7D819201B5008CC0097C50F /* PlaylistDetailViewController.swift in Sources */,
				C7D819101B5008000097C50F /* PlaylistMasterViewController.swift in Sources */,
				C7D8190E1B5008000097C50F /* AppDelegate.swift in Sources */,
				C7B1DA921B524B9E0037B55B /* MusicLibrary.swift in Sources */,
				C7665FB61B524E2700DA4D1C /* Playlist.swift in Sources */,
			);
			runOnlyForDeploymentPostprocessing = 0;
		};
/* End PBXSourcesBuildPhase section */

/* Begin PBXVariantGroup section */
		C7D819111B5008000097C50F /* Main.storyboard */ = {
			isa = PBXVariantGroup;
			children = (
				C7D819121B5008000097C50F /* Base */,
			);
			name = Main.storyboard;
			sourceTree = "<group>";
		};
		C7D819161B5008000097C50F /* LaunchScreen.storyboard */ = {
			isa = PBXVariantGroup;
			children = (
				C7D819171B5008000097C50F /* Base */,
			);
			name = LaunchScreen.storyboard;
			sourceTree = "<group>";
		};
/* End PBXVariantGroup section */

/* Begin XCBuildConfiguration section */
		C7D8191A1B5008000097C50F /* Debug */ = {
			isa = XCBuildConfiguration;
			buildSettings = {
				ALWAYS_SEARCH_USER_PATHS = NO;
				CLANG_CXX_LANGUAGE_STANDARD = "gnu++0x";
				CLANG_CXX_LIBRARY = "libc++";
				CLANG_ENABLE_MODULES = YES;
				CLANG_ENABLE_OBJC_ARC = YES;
				CLANG_WARN_BOOL_CONVERSION = YES;
				CLANG_WARN_CONSTANT_CONVERSION = YES;
				CLANG_WARN_DIRECT_OBJC_ISA_USAGE = YES_ERROR;
				CLANG_WARN_EMPTY_BODY = YES;
				CLANG_WARN_ENUM_CONVERSION = YES;
				CLANG_WARN_INT_CONVERSION = YES;
				CLANG_WARN_OBJC_ROOT_CLASS = YES_ERROR;
				CLANG_WARN_UNREACHABLE_CODE = YES;
				CLANG_WARN__DUPLICATE_METHOD_MATCH = YES;
				"CODE_SIGN_IDENTITY[sdk=iphoneos*]" = "iPhone Developer";
				COPY_PHASE_STRIP = NO;
				DEBUG_INFORMATION_FORMAT = dwarf;
				ENABLE_STRICT_OBJC_MSGSEND = YES;
				ENABLE_TESTABILITY = YES;
				GCC_C_LANGUAGE_STANDARD = gnu99;
				GCC_DYNAMIC_NO_PIC = NO;
				GCC_NO_COMMON_BLOCKS = YES;
				GCC_OPTIMIZATION_LEVEL = 0;
				GCC_PREPROCESSOR_DEFINITIONS = (
					"DEBUG=1",
					"$(inherited)",
				);
				GCC_WARN_64_TO_32_BIT_CONVERSION = YES;
				GCC_WARN_ABOUT_RETURN_TYPE = YES_ERROR;
				GCC_WARN_UNDECLARED_SELECTOR = YES;
				GCC_WARN_UNINITIALIZED_AUTOS = YES_AGGRESSIVE;
				GCC_WARN_UNUSED_FUNCTION = YES;
				GCC_WARN_UNUSED_VARIABLE = YES;
				IPHONEOS_DEPLOYMENT_TARGET = 9.0;
				MTL_ENABLE_DEBUG_INFO = YES;
				ONLY_ACTIVE_ARCH = YES;
				SDKROOT = iphoneos;
				SWIFT_OPTIMIZATION_LEVEL = "-Onone";
			};
			name = Debug;
		};
		C7D8191B1B5008000097C50F /* Release */ = {
			isa = XCBuildConfiguration;
			buildSettings = {
				ALWAYS_SEARCH_USER_PATHS = NO;
				CLANG_CXX_LANGUAGE_STANDARD = "gnu++0x";
				CLANG_CXX_LIBRARY = "libc++";
				CLANG_ENABLE_MODULES = YES;
				CLANG_ENABLE_OBJC_ARC = YES;
				CLANG_WARN_BOOL_CONVERSION = YES;
				CLANG_WARN_CONSTANT_CONVERSION = YES;
				CLANG_WARN_DIRECT_OBJC_ISA_USAGE = YES_ERROR;
				CLANG_WARN_EMPTY_BODY = YES;
				CLANG_WARN_ENUM_CONVERSION = YES;
				CLANG_WARN_INT_CONVERSION = YES;
				CLANG_WARN_OBJC_ROOT_CLASS = YES_ERROR;
				CLANG_WARN_UNREACHABLE_CODE = YES;
				CLANG_WARN__DUPLICATE_METHOD_MATCH = YES;
				"CODE_SIGN_IDENTITY[sdk=iphoneos*]" = "iPhone Developer";
				COPY_PHASE_STRIP = NO;
				DEBUG_INFORMATION_FORMAT = "dwarf-with-dsym";
				ENABLE_NS_ASSERTIONS = NO;
				ENABLE_STRICT_OBJC_MSGSEND = YES;
				GCC_C_LANGUAGE_STANDARD = gnu99;
				GCC_NO_COMMON_BLOCKS = YES;
				GCC_WARN_64_TO_32_BIT_CONVERSION = YES;
				GCC_WARN_ABOUT_RETURN_TYPE = YES_ERROR;
				GCC_WARN_UNDECLARED_SELECTOR = YES;
				GCC_WARN_UNINITIALIZED_AUTOS = YES_AGGRESSIVE;
				GCC_WARN_UNUSED_FUNCTION = YES;
				GCC_WARN_UNUSED_VARIABLE = YES;
				IPHONEOS_DEPLOYMENT_TARGET = 9.0;
				MTL_ENABLE_DEBUG_INFO = NO;
				SDKROOT = iphoneos;
				VALIDATE_PRODUCT = YES;
			};
			name = Release;
		};
		C7D8191D1B5008000097C50F /* Debug */ = {
			isa = XCBuildConfiguration;
			buildSettings = {
				ASSETCATALOG_COMPILER_APPICON_NAME = AppIcon;
				INFOPLIST_FILE = Algorhythm/Info.plist;
				LD_RUNPATH_SEARCH_PATHS = "$(inherited) @executable_path/Frameworks";
				PRODUCT_BUNDLE_IDENTIFIER = com.alperencan.Algorhythm;
				PRODUCT_NAME = "$(TARGET_NAME)";
			};
			name = Debug;
		};
		C7D8191E1B5008000097C50F /* Release */ = {
			isa = XCBuildConfiguration;
			buildSettings = {
				ASSETCATALOG_COMPILER_APPICON_NAME = AppIcon;
				INFOPLIST_FILE = Algorhythm/Info.plist;
				LD_RUNPATH_SEARCH_PATHS = "$(inherited) @executable_path/Frameworks";
				PRODUCT_BUNDLE_IDENTIFIER = com.alperencan.Algorhythm;
				PRODUCT_NAME = "$(TARGET_NAME)";
			};
			name = Release;
		};
/* End XCBuildConfiguration section */

/* Begin XCConfigurationList section */
		C7D819051B5007FF0097C50F /* Build configuration list for PBXProject "Algorhythm" */ = {
			isa = XCConfigurationList;
			buildConfigurations = (
				C7D8191A1B5008000097C50F /* Debug */,
				C7D8191B1B5008000097C50F /* Release */,
			);
			defaultConfigurationIsVisible = 0;
			defaultConfigurationName = Release;
		};
		C7D8191C1B5008000097C50F /* Build configuration list for PBXNativeTarget "Algorhythm" */ = {
			isa = XCConfigurationList;
			buildConfigurations = (
				C7D8191D1B5008000097C50F /* Debug */,
				C7D8191E1B5008000097C50F /* Release */,
			);
			defaultConfigurationIsVisible = 0;
			defaultConfigurationName = Release;
		};
/* End XCConfigurationList section */
	};
	rootObject = C7D819021B5007FF0097C50F /* Project object */;
}
